// !$*UTF8*$!
{
	archiveVersion = 1;
	classes = {
	};
	objectVersion = 56;
	objects = {

/* Begin PBXBuildFile section */
		EA8AB5AD2BC3DE7E000C0B26 /* StringCatalogToyApp.swift in Sources */ = {isa = PBXBuildFile; fileRef = EA8AB5AC2BC3DE7E000C0B26 /* StringCatalogToyApp.swift */; };
		EA8AB5AF2BC3DE7E000C0B26 /* ContentView.swift in Sources */ = {isa = PBXBuildFile; fileRef = EA8AB5AE2BC3DE7E000C0B26 /* ContentView.swift */; };
		EA8AB5B12BC3DE7F000C0B26 /* Assets.xcassets in Resources */ = {isa = PBXBuildFile; fileRef = EA8AB5B02BC3DE7F000C0B26 /* Assets.xcassets */; };
		EA8AB5B52BC3DE7F000C0B26 /* Preview Assets.xcassets in Resources */ = {isa = PBXBuildFile; fileRef = EA8AB5B42BC3DE7F000C0B26 /* Preview Assets.xcassets */; };
		EAF8E7AD2BC3E3FD00050967 /* TestUI in Frameworks */ = {isa = PBXBuildFile; productRef = EAF8E7AC2BC3E3FD00050967 /* TestUI */; };
		EAF8E7AF2BC3E71700050967 /* Strings in Frameworks */ = {isa = PBXBuildFile; productRef = EAF8E7AE2BC3E71700050967 /* Strings */; };
/* End PBXBuildFile section */

/* Begin PBXFileReference section */
		EA8AB5A92BC3DE7E000C0B26 /* StringCatalogToy.app */ = {isa = PBXFileReference; explicitFileType = wrapper.application; includeInIndex = 0; path = StringCatalogToy.app; sourceTree = BUILT_PRODUCTS_DIR; };
		EA8AB5AC2BC3DE7E000C0B26 /* StringCatalogToyApp.swift */ = {isa = PBXFileReference; lastKnownFileType = sourcecode.swift; path = StringCatalogToyApp.swift; sourceTree = "<group>"; };
		EA8AB5AE2BC3DE7E000C0B26 /* ContentView.swift */ = {isa = PBXFileReference; lastKnownFileType = sourcecode.swift; path = ContentView.swift; sourceTree = "<group>"; };
		EA8AB5B02BC3DE7F000C0B26 /* Assets.xcassets */ = {isa = PBXFileReference; lastKnownFileType = folder.assetcatalog; path = Assets.xcassets; sourceTree = "<group>"; };
		EA8AB5B22BC3DE7F000C0B26 /* StringCatalogToy.entitlements */ = {isa = PBXFileReference; lastKnownFileType = text.plist.entitlements; path = StringCatalogToy.entitlements; sourceTree = "<group>"; };
		EA8AB5B42BC3DE7F000C0B26 /* Preview Assets.xcassets */ = {isa = PBXFileReference; lastKnownFileType = folder.assetcatalog; path = "Preview Assets.xcassets"; sourceTree = "<group>"; };
		EAB127AE2BC3E26400DF14D3 /* Info.plist */ = {isa = PBXFileReference; lastKnownFileType = text.plist; path = Info.plist; sourceTree = "<group>"; };
		EAC1E24C2BC3E30600DB991C /* Library */ = {isa = PBXFileReference; lastKnownFileType = wrapper; path = Library; sourceTree = "<group>"; };
		EACBECF12BCECB0000D24D07 /* README.md */ = {isa = PBXFileReference; lastKnownFileType = net.daringfireball.markdown; path = README.md; sourceTree = "<group>"; };
		EACBECF32BCECC4200D24D07 /* StringCatalogToy.png */ = {isa = PBXFileReference; lastKnownFileType = image.png; path = StringCatalogToy.png; sourceTree = "<group>"; };
/* End PBXFileReference section */

/* Begin PBXFrameworksBuildPhase section */
		EA8AB5A62BC3DE7E000C0B26 /* Frameworks */ = {
			isa = PBXFrameworksBuildPhase;
			buildActionMask = 2147483647;
			files = (
				EAF8E7AD2BC3E3FD00050967 /* TestUI in Frameworks */,
				EAF8E7AF2BC3E71700050967 /* Strings in Frameworks */,
			);
			runOnlyForDeploymentPostprocessing = 0;
		};
/* End PBXFrameworksBuildPhase section */

/* Begin PBXGroup section */
		EA8AB5A02BC3DE7E000C0B26 = {
			isa = PBXGroup;
			children = (
				EACBECF32BCECC4200D24D07 /* StringCatalogToy.png */,
				EACBECF12BCECB0000D24D07 /* README.md */,
				EAC1E24C2BC3E30600DB991C /* Library */,
				EA8AB5AB2BC3DE7E000C0B26 /* StringCatalogToy */,
				EA8AB5AA2BC3DE7E000C0B26 /* Products */,
				EAC1E2492BC3E2CB00DB991C /* Frameworks */,
			);
			sourceTree = "<group>";
		};
		EA8AB5AA2BC3DE7E000C0B26 /* Products */ = {
			isa = PBXGroup;
			children = (
				EA8AB5A92BC3DE7E000C0B26 /* StringCatalogToy.app */,
			);
			name = Products;
			sourceTree = "<group>";
		};
		EA8AB5AB2BC3DE7E000C0B26 /* StringCatalogToy */ = {
			isa = PBXGroup;
			children = (
				EAB127AE2BC3E26400DF14D3 /* Info.plist */,
				EA8AB5AC2BC3DE7E000C0B26 /* StringCatalogToyApp.swift */,
				EA8AB5AE2BC3DE7E000C0B26 /* ContentView.swift */,
				EA8AB5B02BC3DE7F000C0B26 /* Assets.xcassets */,
				EA8AB5B22BC3DE7F000C0B26 /* StringCatalogToy.entitlements */,
				EA8AB5B32BC3DE7F000C0B26 /* Preview Content */,
			);
			path = StringCatalogToy;
			sourceTree = "<group>";
		};
		EA8AB5B32BC3DE7F000C0B26 /* Preview Content */ = {
			isa = PBXGroup;
			children = (
				EA8AB5B42BC3DE7F000C0B26 /* Preview Assets.xcassets */,
			);
			path = "Preview Content";
			sourceTree = "<group>";
		};
		EAC1E2492BC3E2CB00DB991C /* Frameworks */ = {
			isa = PBXGroup;
			children = (
			);
			name = Frameworks;
			sourceTree = "<group>";
		};
/* End PBXGroup section */

/* Begin PBXNativeTarget section */
		EA8AB5A82BC3DE7E000C0B26 /* StringCatalogToy */ = {
			isa = PBXNativeTarget;
			buildConfigurationList = EA8AB5B82BC3DE7F000C0B26 /* Build configuration list for PBXNativeTarget "StringCatalogToy" */;
			buildPhases = (
				EA8AB5A52BC3DE7E000C0B26 /* Sources */,
				EA8AB5A62BC3DE7E000C0B26 /* Frameworks */,
				EA8AB5A72BC3DE7E000C0B26 /* Resources */,
			);
			buildRules = (
			);
			dependencies = (
			);
			name = StringCatalogToy;
			packageProductDependencies = (
				EAF8E7AC2BC3E3FD00050967 /* TestUI */,
				EAF8E7AE2BC3E71700050967 /* Strings */,
			);
			productName = StringCatalogToy;
			productReference = EA8AB5A92BC3DE7E000C0B26 /* StringCatalogToy.app */;
			productType = "com.apple.product-type.application";
		};
/* End PBXNativeTarget section */

/* Begin PBXProject section */
		EA8AB5A12BC3DE7E000C0B26 /* Project object */ = {
			isa = PBXProject;
			attributes = {
				BuildIndependentTargetsInParallel = 1;
				LastSwiftUpdateCheck = 1530;
				LastUpgradeCheck = 1530;
				TargetAttributes = {
					EA8AB5A82BC3DE7E000C0B26 = {
						CreatedOnToolsVersion = 15.3;
					};
				};
			};
			buildConfigurationList = EA8AB5A42BC3DE7E000C0B26 /* Build configuration list for PBXProject "StringCatalogToy" */;
			compatibilityVersion = "Xcode 14.0";
			developmentRegion = en;
			hasScannedForEncodings = 0;
			knownRegions = (
				en,
				Base,
				"et-EE",
			);
			mainGroup = EA8AB5A02BC3DE7E000C0B26;
			packageReferences = (
			);
			productRefGroup = EA8AB5AA2BC3DE7E000C0B26 /* Products */;
			projectDirPath = "";
			projectRoot = "";
			targets = (
				EA8AB5A82BC3DE7E000C0B26 /* StringCatalogToy */,
			);
		};
/* End PBXProject section */

/* Begin PBXResourcesBuildPhase section */
		EA8AB5A72BC3DE7E000C0B26 /* Resources */ = {
			isa = PBXResourcesBuildPhase;
			buildActionMask = 2147483647;
			files = (
				EA8AB5B52BC3DE7F000C0B26 /* Preview Assets.xcassets in Resources */,
				EA8AB5B12BC3DE7F000C0B26 /* Assets.xcassets in Resources */,
			);
			runOnlyForDeploymentPostprocessing = 0;
		};
/* End PBXResourcesBuildPhase section */

/* Begin PBXSourcesBuildPhase section */
		EA8AB5A52BC3DE7E000C0B26 /* Sources */ = {
			isa = PBXSourcesBuildPhase;
			buildActionMask = 2147483647;
			files = (
				EA8AB5AF2BC3DE7E000C0B26 /* ContentView.swift in Sources */,
				EA8AB5AD2BC3DE7E000C0B26 /* StringCatalogToyApp.swift in Sources */,
			);
			runOnlyForDeploymentPostprocessing = 0;
		};
/* End PBXSourcesBuildPhase section */

/* Begin XCBuildConfiguration section */
		EA8AB5B62BC3DE7F000C0B26 /* Debug */ = {
			isa = XCBuildConfiguration;
			buildSettings = {
				ALWAYS_SEARCH_USER_PATHS = NO;
				ASSETCATALOG_COMPILER_GENERATE_SWIFT_ASSET_SYMBOL_EXTENSIONS = YES;
				CLANG_ANALYZER_NONNULL = YES;
				CLANG_ANALYZER_NUMBER_OBJECT_CONVERSION = YES_AGGRESSIVE;
				CLANG_CXX_LANGUAGE_STANDARD = "gnu++20";
				CLANG_ENABLE_MODULES = YES;
				CLANG_ENABLE_OBJC_ARC = YES;
				CLANG_ENABLE_OBJC_WEAK = YES;
				CLANG_WARN_BLOCK_CAPTURE_AUTORELEASING = YES;
				CLANG_WARN_BOOL_CONVERSION = YES;
				CLANG_WARN_COMMA = YES;
				CLANG_WARN_CONSTANT_CONVERSION = YES;
				CLANG_WARN_DEPRECATED_OBJC_IMPLEMENTATIONS = YES;
				CLANG_WARN_DIRECT_OBJC_ISA_USAGE = YES_ERROR;
				CLANG_WARN_DOCUMENTATION_COMMENTS = YES;
				CLANG_WARN_EMPTY_BODY = YES;
				CLANG_WARN_ENUM_CONVERSION = YES;
				CLANG_WARN_INFINITE_RECURSION = YES;
				CLANG_WARN_INT_CONVERSION = YES;
				CLANG_WARN_NON_LITERAL_NULL_CONVERSION = YES;
				CLANG_WARN_OBJC_IMPLICIT_RETAIN_SELF = YES;
				CLANG_WARN_OBJC_LITERAL_CONVERSION = YES;
				CLANG_WARN_OBJC_ROOT_CLASS = YES_ERROR;
				CLANG_WARN_QUOTED_INCLUDE_IN_FRAMEWORK_HEADER = YES;
				CLANG_WARN_RANGE_LOOP_ANALYSIS = YES;
				CLANG_WARN_STRICT_PROTOTYPES = YES;
				CLANG_WARN_SUSPICIOUS_MOVE = YES;
				CLANG_WARN_UNGUARDED_AVAILABILITY = YES_AGGRESSIVE;
				CLANG_WARN_UNREACHABLE_CODE = YES;
				CLANG_WARN__DUPLICATE_METHOD_MATCH = YES;
				COPY_PHASE_STRIP = NO;
				DEBUG_INFORMATION_FORMAT = dwarf;
				ENABLE_STRICT_OBJC_MSGSEND = YES;
				ENABLE_TESTABILITY = YES;
				ENABLE_USER_SCRIPT_SANDBOXING = YES;
				GCC_C_LANGUAGE_STANDARD = gnu17;
				GCC_DYNAMIC_NO_PIC = NO;
				GCC_NO_COMMON_BLOCKS = YES;
				GCC_OPTIMIZATION_LEVEL = 0;
				GCC_PREPROCESSOR_DEFINITIONS = (
					"DEBUG=1",
					"$(inherited)",
				);
				GCC_WARN_64_TO_32_BIT_CONVERSION = YES;
				GCC_WARN_ABOUT_RETURN_TYPE = YES_ERROR;
				GCC_WARN_UNDECLARED_SELECTOR = YES;
				GCC_WARN_UNINITIALIZED_AUTOS = YES_AGGRESSIVE;
				GCC_WARN_UNUSED_FUNCTION = YES;
				GCC_WARN_UNUSED_VARIABLE = YES;
				LOCALIZATION_PREFERS_STRING_CATALOGS = YES;
				MTL_ENABLE_DEBUG_INFO = INCLUDE_SOURCE;
				MTL_FAST_MATH = YES;
				ONLY_ACTIVE_ARCH = YES;
				SWIFT_ACTIVE_COMPILATION_CONDITIONS = "DEBUG $(inherited)";
				SWIFT_OPTIMIZATION_LEVEL = "-Onone";
			};
			name = Debug;
		};
		EA8AB5B72BC3DE7F000C0B26 /* Release */ = {
			isa = XCBuildConfiguration;
			buildSettings = {
				ALWAYS_SEARCH_USER_PATHS = NO;
				ASSETCATALOG_COMPILER_GENERATE_SWIFT_ASSET_SYMBOL_EXTENSIONS = YES;
				CLANG_ANALYZER_NONNULL = YES;
				CLANG_ANALYZER_NUMBER_OBJECT_CONVERSION = YES_AGGRESSIVE;
				CLANG_CXX_LANGUAGE_STANDARD = "gnu++20";
				CLANG_ENABLE_MODULES = YES;
				CLANG_ENABLE_OBJC_ARC = YES;
				CLANG_ENABLE_OBJC_WEAK = YES;
				CLANG_WARN_BLOCK_CAPTURE_AUTORELEASING = YES;
				CLANG_WARN_BOOL_CONVERSION = YES;
				CLANG_WARN_COMMA = YES;
				CLANG_WARN_CONSTANT_CONVERSION = YES;
				CLANG_WARN_DEPRECATED_OBJC_IMPLEMENTATIONS = YES;
				CLANG_WARN_DIRECT_OBJC_ISA_USAGE = YES_ERROR;
				CLANG_WARN_DOCUMENTATION_COMMENTS = YES;
				CLANG_WARN_EMPTY_BODY = YES;
				CLANG_WARN_ENUM_CONVERSION = YES;
				CLANG_WARN_INFINITE_RECURSION = YES;
				CLANG_WARN_INT_CONVERSION = YES;
				CLANG_WARN_NON_LITERAL_NULL_CONVERSION = YES;
				CLANG_WARN_OBJC_IMPLICIT_RETAIN_SELF = YES;
				CLANG_WARN_OBJC_LITERAL_CONVERSION = YES;
				CLANG_WARN_OBJC_ROOT_CLASS = YES_ERROR;
				CLANG_WARN_QUOTED_INCLUDE_IN_FRAMEWORK_HEADER = YES;
				CLANG_WARN_RANGE_LOOP_ANALYSIS = YES;
				CLANG_WARN_STRICT_PROTOTYPES = YES;
				CLANG_WARN_SUSPICIOUS_MOVE = YES;
				CLANG_WARN_UNGUARDED_AVAILABILITY = YES_AGGRESSIVE;
				CLANG_WARN_UNREACHABLE_CODE = YES;
				CLANG_WARN__DUPLICATE_METHOD_MATCH = YES;
				COPY_PHASE_STRIP = NO;
				DEBUG_INFORMATION_FORMAT = "dwarf-with-dsym";
				ENABLE_NS_ASSERTIONS = NO;
				ENABLE_STRICT_OBJC_MSGSEND = YES;
				ENABLE_USER_SCRIPT_SANDBOXING = YES;
				GCC_C_LANGUAGE_STANDARD = gnu17;
				GCC_NO_COMMON_BLOCKS = YES;
				GCC_WARN_64_TO_32_BIT_CONVERSION = YES;
				GCC_WARN_ABOUT_RETURN_TYPE = YES_ERROR;
				GCC_WARN_UNDECLARED_SELECTOR = YES;
				GCC_WARN_UNINITIALIZED_AUTOS = YES_AGGRESSIVE;
				GCC_WARN_UNUSED_FUNCTION = YES;
				GCC_WARN_UNUSED_VARIABLE = YES;
				LOCALIZATION_PREFERS_STRING_CATALOGS = YES;
				MTL_ENABLE_DEBUG_INFO = NO;
				MTL_FAST_MATH = YES;
				SWIFT_COMPILATION_MODE = wholemodule;
			};
			name = Release;
		};
		EA8AB5B92BC3DE7F000C0B26 /* Debug */ = {
			isa = XCBuildConfiguration;
			buildSettings = {
				ASSETCATALOG_COMPILER_APPICON_NAME = AppIcon;
				ASSETCATALOG_COMPILER_GLOBAL_ACCENT_COLOR_NAME = AccentColor;
				CODE_SIGN_ENTITLEMENTS = StringCatalogToy/StringCatalogToy.entitlements;
				CODE_SIGN_STYLE = Automatic;
				CURRENT_PROJECT_VERSION = 1;
				DEVELOPMENT_ASSET_PATHS = "\"StringCatalogToy/Preview Content\"";
				DEVELOPMENT_TEAM = 6J8J69QYQ7;
				ENABLE_HARDENED_RUNTIME = YES;
				ENABLE_PREVIEWS = YES;
				GENERATE_INFOPLIST_FILE = YES;
				INFOPLIST_FILE = StringCatalogToy/Info.plist;
				"INFOPLIST_KEY_UIApplicationSceneManifest_Generation[sdk=iphoneos*]" = YES;
				"INFOPLIST_KEY_UIApplicationSceneManifest_Generation[sdk=iphonesimulator*]" = YES;
				"INFOPLIST_KEY_UIApplicationSupportsIndirectInputEvents[sdk=iphoneos*]" = YES;
				"INFOPLIST_KEY_UIApplicationSupportsIndirectInputEvents[sdk=iphonesimulator*]" = YES;
				"INFOPLIST_KEY_UILaunchScreen_Generation[sdk=iphoneos*]" = YES;
				"INFOPLIST_KEY_UILaunchScreen_Generation[sdk=iphonesimulator*]" = YES;
				"INFOPLIST_KEY_UIStatusBarStyle[sdk=iphoneos*]" = UIStatusBarStyleDefault;
				"INFOPLIST_KEY_UIStatusBarStyle[sdk=iphonesimulator*]" = UIStatusBarStyleDefault;
				INFOPLIST_KEY_UISupportedInterfaceOrientations_iPad = "UIInterfaceOrientationPortrait UIInterfaceOrientationPortraitUpsideDown UIInterfaceOrientationLandscapeLeft UIInterfaceOrientationLandscapeRight";
				INFOPLIST_KEY_UISupportedInterfaceOrientations_iPhone = "UIInterfaceOrientationPortrait UIInterfaceOrientationLandscapeLeft UIInterfaceOrientationLandscapeRight";
				IPHONEOS_DEPLOYMENT_TARGET = 17.4;
				LD_RUNPATH_SEARCH_PATHS = "@executable_path/Frameworks";
				"LD_RUNPATH_SEARCH_PATHS[sdk=macosx*]" = "@executable_path/../Frameworks";
				MACOSX_DEPLOYMENT_TARGET = 14.4;
				MARKETING_VERSION = 1.0;
				PRODUCT_BUNDLE_IDENTIFIER = eu.delta8.StringCatalogToy;
				PRODUCT_NAME = "$(TARGET_NAME)";
				SDKROOT = auto;
				SUPPORTED_PLATFORMS = "iphoneos iphonesimulator macosx";
				SWIFT_EMIT_LOC_STRINGS = YES;
				SWIFT_VERSION = 5.0;
				TARGETED_DEVICE_FAMILY = "1,2";
			};
			name = Debug;
		};
		EA8AB5BA2BC3DE7F000C0B26 /* Release */ = {
			isa = XCBuildConfiguration;
			buildSettings = {
				ASSETCATALOG_COMPILER_APPICON_NAME = AppIcon;
				ASSETCATALOG_COMPILER_GLOBAL_ACCENT_COLOR_NAME = AccentColor;
				CODE_SIGN_ENTITLEMENTS = StringCatalogToy/StringCatalogToy.entitlements;
				CODE_SIGN_STYLE = Automatic;
				CURRENT_PROJECT_VERSION = 1;
				DEVELOPMENT_ASSET_PATHS = "\"StringCatalogToy/Preview Content\"";
				DEVELOPMENT_TEAM = 6J8J69QYQ7;
				ENABLE_HARDENED_RUNTIME = YES;
				ENABLE_PREVIEWS = YES;
				GENERATE_INFOPLIST_FILE = YES;
				INFOPLIST_FILE = StringCatalogToy/Info.plist;
				"INFOPLIST_KEY_UIApplicationSceneManifest_Generation[sdk=iphoneos*]" = YES;
				"INFOPLIST_KEY_UIApplicationSceneManifest_Generation[sdk=iphonesimulator*]" = YES;
				"INFOPLIST_KEY_UIApplicationSupportsIndirectInputEvents[sdk=iphoneos*]" = YES;
				"INFOPLIST_KEY_UIApplicationSupportsIndirectInputEvents[sdk=iphonesimulator*]" = YES;
				"INFOPLIST_KEY_UILaunchScreen_Generation[sdk=iphoneos*]" = YES;
				"INFOPLIST_KEY_UILaunchScreen_Generation[sdk=iphonesimulator*]" = YES;
				"INFOPLIST_KEY_UIStatusBarStyle[sdk=iphoneos*]" = UIStatusBarStyleDefault;
				"INFOPLIST_KEY_UIStatusBarStyle[sdk=iphonesimulator*]" = UIStatusBarStyleDefault;
				INFOPLIST_KEY_UISupportedInterfaceOrientations_iPad = "UIInterfaceOrientationPortrait UIInterfaceOrientationPortraitUpsideDown UIInterfaceOrientationLandscapeLeft UIInterfaceOrientationLandscapeRight";
				INFOPLIST_KEY_UISupportedInterfaceOrientations_iPhone = "UIInterfaceOrientationPortrait UIInterfaceOrientationLandscapeLeft UIInterfaceOrientationLandscapeRight";
				IPHONEOS_DEPLOYMENT_TARGET = 17.4;
				LD_RUNPATH_SEARCH_PATHS = "@executable_path/Frameworks";
				"LD_RUNPATH_SEARCH_PATHS[sdk=macosx*]" = "@executable_path/../Frameworks";
				MACOSX_DEPLOYMENT_TARGET = 14.4;
				MARKETING_VERSION = 1.0;
				PRODUCT_BUNDLE_IDENTIFIER = eu.delta8.StringCatalogToy;
				PRODUCT_NAME = "$(TARGET_NAME)";
				SDKROOT = auto;
				SUPPORTED_PLATFORMS = "iphoneos iphonesimulator macosx";
				SWIFT_EMIT_LOC_STRINGS = YES;
				SWIFT_VERSION = 5.0;
				TARGETED_DEVICE_FAMILY = "1,2";
			};
			name = Release;
		};
/* End XCBuildConfiguration section */

/* Begin XCConfigurationList section */
		EA8AB5A42BC3DE7E000C0B26 /* Build configuration list for PBXProject "StringCatalogToy" */ = {
			isa = XCConfigurationList;
			buildConfigurations = (
				EA8AB5B62BC3DE7F000C0B26 /* Debug */,
				EA8AB5B72BC3DE7F000C0B26 /* Release */,
			);
			defaultConfigurationIsVisible = 0;
			defaultConfigurationName = Release;
		};
		EA8AB5B82BC3DE7F000C0B26 /* Build configuration list for PBXNativeTarget "StringCatalogToy" */ = {
			isa = XCConfigurationList;
			buildConfigurations = (
				EA8AB5B92BC3DE7F000C0B26 /* Debug */,
				EA8AB5BA2BC3DE7F000C0B26 /* Release */,
			);
			defaultConfigurationIsVisible = 0;
			defaultConfigurationName = Release;
		};
/* End XCConfigurationList section */

/* Begin XCSwiftPackageProductDependency section */
		EAF8E7AC2BC3E3FD00050967 /* TestUI */ = {
			isa = XCSwiftPackageProductDependency;
			productName = TestUI;
		};
		EAF8E7AE2BC3E71700050967 /* Strings */ = {
			isa = XCSwiftPackageProductDependency;
			productName = Strings;
		};
/* End XCSwiftPackageProductDependency section */
	};
	rootObject = EA8AB5A12BC3DE7E000C0B26 /* Project object */;
}
